{
    "_readme": [
        "This file locks the dependencies of your project to a known state",
        "Read more about it at https://getcomposer.org/doc/01-basic-usage.md#installing-dependencies",
        "This file is @generated automatically"
    ],
    "content-hash": "816433aa0b8585f4e002f7cf50b368b7",
    "packages": [
        {
            "name": "gajus/dindent",
            "version": "2.0.2",
            "source": {
                "type": "git",
                "url": "https://github.com/gajus/dindent.git",
                "reference": "d81c3a6f78fbe1ab26f5e753098bbbef6b6a9f3c"
            },
            "dist": {
                "type": "zip",
                "url": "https://api.github.com/repos/gajus/dindent/zipball/d81c3a6f78fbe1ab26f5e753098bbbef6b6a9f3c",
                "reference": "d81c3a6f78fbe1ab26f5e753098bbbef6b6a9f3c",
                "shasum": ""
            },
            "require": {
                "php": ">=5.3"
            },
            "require-dev": {
                "satooshi/php-coveralls": "dev-master"
            },
            "type": "library",
            "autoload": {
                "psr-4": {
                    "Gajus\\Dindent\\": "src/"
                }
            },
            "notification-url": "https://packagist.org/downloads/",
            "license": [
                "BSD-3-Clause"
            ],
            "authors": [
                {
                    "name": "Gajus Kuizinas",
                    "email": "gk@anuary.com"
                }
            ],
            "description": "HTML indentation library for development and testing.",
            "homepage": "https://github.com/gajus/dindent",
            "keywords": [
                "format",
                "html",
                "indent"
            ],
            "support": {
                "issues": "https://github.com/gajus/dindent/issues",
                "source": "https://github.com/gajus/dindent/tree/master"
            },
            "time": "2014-10-08T10:03:04+00:00"
        }
    ],
    "packages-dev": [],
    "aliases": [],
    "minimum-stability": "stable",
    "stability-flags": [],
    "prefer-stable": false,
    "prefer-lowest": false,
    "platform": {
        "php": "^8.0"
    },
    "platform-dev": [],
    "plugin-api-version": "2.1.0"
}
